
Microsoft Visual Studio Solution File, Format Version 12.00
# Visual Studio Version 17
VisualStudioVersion = 17.0.32112.339
MinimumVisualStudioVersion = 10.0.40219.1
Project("{9A19103F-16F7-4668-BE54-9A1E7A4F7556}") = "Tax API", "Tax API\Tax API.csproj", "{B8566733-CB48-480C-9E8F-2522634B5167}"
EndProject
Project("{2150E333-8FDC-42A3-9474-1A3956D46DE8}") = "Solution Items", "Solution Items", "{0F09C66A-D700-48F9-912A-607FDB95CD36}"
	ProjectSection(SolutionItems) = preProject
		.editorconfig = .editorconfig
	EndProjectSection
EndProject
Project("{2150E333-8FDC-42A3-9474-1A3956D46DE8}") = "Helper", "Helper", "{546F7675-4D63-4C0E-85B4-68EA07757DC1}"
EndProject
Project("{2150E333-8FDC-42A3-9474-1A3956D46DE8}") = "Models", "Models", "{C1CCB71C-F4CE-4EA3-AA9A-1E3C428EE33E}"
EndProject
Project("{9A19103F-16F7-4668-BE54-9A1E7A4F7556}") = "Helper", "HelperTool\Helper.csproj", "{0F38330B-B7C0-4019-9A08-B54BDF513ADA}"
EndProject
Project("{9A19103F-16F7-4668-BE54-9A1E7A4F7556}") = "Models", "Models\Models\Models.csproj", "{E010DBE4-2496-4EEA-A56C-65ECED3D4865}"
EndProject
Project("{9A19103F-16F7-4668-BE54-9A1E7A4F7556}") = "TaxClient", "TaxClient\TaxClient.csproj", "{D100C8F5-EF34-4944-9329-FC9D541A8F9B}"
EndProject
Project("{FAE04EC0-301F-11D3-BF4B-00C04F79EFBC}") = "TaxAPITests", "TaxAPITests\TaxAPITests.csproj", "{25278827-236A-4523-A9DC-E8EE69B49834}"
EndProject
Global
	GlobalSection(SolutionConfigurationPlatforms) = preSolution
		Debug|Any CPU = Debug|Any CPU
		Release|Any CPU = Release|Any CPU
	EndGlobalSection
	GlobalSection(ProjectConfigurationPlatforms) = postSolution
		{B8566733-CB48-480C-9E8F-2522634B5167}.Debug|Any CPU.ActiveCfg = Debug|Any CPU
		{B8566733-CB48-480C-9E8F-2522634B5167}.Debug|Any CPU.Build.0 = Debug|Any CPU
		{B8566733-CB48-480C-9E8F-2522634B5167}.Release|Any CPU.ActiveCfg = Release|Any CPU
		{B8566733-CB48-480C-9E8F-2522634B5167}.Release|Any CPU.Build.0 = Release|Any CPU
		{0F38330B-B7C0-4019-9A08-B54BDF513ADA}.Debug|Any CPU.ActiveCfg = Debug|Any CPU
		{0F38330B-B7C0-4019-9A08-B54BDF513ADA}.Debug|Any CPU.Build.0 = Debug|Any CPU
		{0F38330B-B7C0-4019-9A08-B54BDF513ADA}.Release|Any CPU.ActiveCfg = Release|Any CPU
		{0F38330B-B7C0-4019-9A08-B54BDF513ADA}.Release|Any CPU.Build.0 = Release|Any CPU
		{E010DBE4-2496-4EEA-A56C-65ECED3D4865}.Debug|Any CPU.ActiveCfg = Debug|Any CPU
		{E010DBE4-2496-4EEA-A56C-65ECED3D4865}.Debug|Any CPU.Build.0 = Debug|Any CPU
		{E010DBE4-2496-4EEA-A56C-65ECED3D4865}.Release|Any CPU.ActiveCfg = Release|Any CPU
		{E010DBE4-2496-4EEA-A56C-65ECED3D4865}.Release|Any CPU.Build.0 = Release|Any CPU
		{D100C8F5-EF34-4944-9329-FC9D541A8F9B}.Debug|Any CPU.ActiveCfg = Debug|Any CPU
		{D100C8F5-EF34-4944-9329-FC9D541A8F9B}.Debug|Any CPU.Build.0 = Debug|Any CPU
		{D100C8F5-EF34-4944-9329-FC9D541A8F9B}.Release|Any CPU.ActiveCfg = Release|Any CPU
		{D100C8F5-EF34-4944-9329-FC9D541A8F9B}.Release|Any CPU.Build.0 = Release|Any CPU
		{25278827-236A-4523-A9DC-E8EE69B49834}.Debug|Any CPU.ActiveCfg = Debug|Any CPU
		{25278827-236A-4523-A9DC-E8EE69B49834}.Debug|Any CPU.Build.0 = Debug|Any CPU
		{25278827-236A-4523-A9DC-E8EE69B49834}.Release|Any CPU.ActiveCfg = Release|Any CPU
		{25278827-236A-4523-A9DC-E8EE69B49834}.Release|Any CPU.Build.0 = Release|Any CPU
	EndGlobalSection
	GlobalSection(SolutionProperties) = preSolution
		HideSolutionNode = FALSE
	EndGlobalSection
	GlobalSection(NestedProjects) = preSolution
		{0F38330B-B7C0-4019-9A08-B54BDF513ADA} = {546F7675-4D63-4C0E-85B4-68EA07757DC1}
		{E010DBE4-2496-4EEA-A56C-65ECED3D4865} = {C1CCB71C-F4CE-4EA3-AA9A-1E3C428EE33E}
	EndGlobalSection
	GlobalSection(ExtensibilityGlobals) = postSolution
		SolutionGuid = {BFDBFDA0-67DA-4458-8FA7-F1AADFAE6B3D}
	EndGlobalSection
EndGlobal
